
Microsoft Visual Studio Solution File, Format Version 12.00
# Visual Studio Version 17
VisualStudioVersion = 17.2.32602.215
MinimumVisualStudioVersion = 10.0.40219.1
Project("{FAE04EC0-301F-11D3-BF4B-00C04F79EFBC}") = "Codility 3-PassingCars", "Codility 3-PassingCars\Codility 3-PassingCars.csproj", "{ADAA3097-9231-4B2B-9F9E-62EF7EF1982C}"
EndProject
Global
	GlobalSection(SolutionConfigurationPlatforms) = preSolution
		Debug|Any CPU = Debug|Any CPU
		Release|Any CPU = Release|Any CPU
	EndGlobalSection
	GlobalSection(ProjectConfigurationPlatforms) = postSolution
		{ADAA3097-9231-4B2B-9F9E-62EF7EF1982C}.Debug|Any CPU.ActiveCfg = Debug|Any CPU
		{ADAA3097-9231-4B2B-9F9E-62EF7EF1982C}.Debug|Any CPU.Build.0 = Debug|Any CPU
		{ADAA3097-9231-4B2B-9F9E-62EF7EF1982C}.Release|Any CPU.ActiveCfg = Release|Any CPU
		{ADAA3097-9231-4B2B-9F9E-62EF7EF1982C}.Release|Any CPU.Build.0 = Release|Any CPU
	EndGlobalSection
	GlobalSection(SolutionProperties) = preSolution
		HideSolutionNode = FALSE
	EndGlobalSection
	GlobalSection(ExtensibilityGlobals) = postSolution
		SolutionGuid = {490687F7-282E-463E-AD95-519E15AE27FC}
	EndGlobalSection
EndGlobal
