
Microsoft Visual Studio Solution File, Format Version 12.00
# Visual Studio Version 17
VisualStudioVersion = 17.2.32602.215
MinimumVisualStudioVersion = 10.0.40219.1
Project("{FAE04EC0-301F-11D3-BF4B-00C04F79EFBC}") = "Codility 7-TapeEquilibrium", "Codility 7-TapeEquilibrium\Codility 7-TapeEquilibrium.csproj", "{4A5D10EA-DC7A-4AC4-B29C-2C3C4AE5EB2A}"
EndProject
Global
	GlobalSection(SolutionConfigurationPlatforms) = preSolution
		Debug|Any CPU = Debug|Any CPU
		Release|Any CPU = Release|Any CPU
	EndGlobalSection
	GlobalSection(ProjectConfigurationPlatforms) = postSolution
		{4A5D10EA-DC7A-4AC4-B29C-2C3C4AE5EB2A}.Debug|Any CPU.ActiveCfg = Debug|Any CPU
		{4A5D10EA-DC7A-4AC4-B29C-2C3C4AE5EB2A}.Debug|Any CPU.Build.0 = Debug|Any CPU
		{4A5D10EA-DC7A-4AC4-B29C-2C3C4AE5EB2A}.Release|Any CPU.ActiveCfg = Release|Any CPU
		{4A5D10EA-DC7A-4AC4-B29C-2C3C4AE5EB2A}.Release|Any CPU.Build.0 = Release|Any CPU
	EndGlobalSection
	GlobalSection(SolutionProperties) = preSolution
		HideSolutionNode = FALSE
	EndGlobalSection
	GlobalSection(ExtensibilityGlobals) = postSolution
		SolutionGuid = {76F8E9C7-E6E2-4E1F-B65B-C744A6F0F32E}
	EndGlobalSection
EndGlobal
