
Microsoft Visual Studio Solution File, Format Version 12.00
# Visual Studio Version 17
VisualStudioVersion = 17.2.32602.215
MinimumVisualStudioVersion = 10.0.40219.1
Project("{FAE04EC0-301F-11D3-BF4B-00C04F79EFBC}") = "Codility 6-Distinct", "Codility 6-Distinct\Codility 6-Distinct.csproj", "{6BD104BC-4CA6-4773-9DD9-915CF6DA72E2}"
EndProject
Global
	GlobalSection(SolutionConfigurationPlatforms) = preSolution
		Debug|Any CPU = Debug|Any CPU
		Release|Any CPU = Release|Any CPU
	EndGlobalSection
	GlobalSection(ProjectConfigurationPlatforms) = postSolution
		{6BD104BC-4CA6-4773-9DD9-915CF6DA72E2}.Debug|Any CPU.ActiveCfg = Debug|Any CPU
		{6BD104BC-4CA6-4773-9DD9-915CF6DA72E2}.Debug|Any CPU.Build.0 = Debug|Any CPU
		{6BD104BC-4CA6-4773-9DD9-915CF6DA72E2}.Release|Any CPU.ActiveCfg = Release|Any CPU
		{6BD104BC-4CA6-4773-9DD9-915CF6DA72E2}.Release|Any CPU.Build.0 = Release|Any CPU
	EndGlobalSection
	GlobalSection(SolutionProperties) = preSolution
		HideSolutionNode = FALSE
	EndGlobalSection
	GlobalSection(ExtensibilityGlobals) = postSolution
		SolutionGuid = {426F2977-F25A-418B-B52A-A2D5C5569B52}
	EndGlobalSection
EndGlobal
